
Microsoft Visual Studio Solution File, Format Version 12.00
# Visual Studio Version 16
VisualStudioVersion = 16.0.31911.196
MinimumVisualStudioVersion = 10.0.40219.1
Project("{FAE04EC0-301F-11D3-BF4B-00C04F79EFBC}") = "Parser3.2", "Parser3.2.csproj", "{9E2AC405-7B03-45B8-B996-2BFC3D9B4119}"
EndProject
Global
	GlobalSection(SolutionConfigurationPlatforms) = preSolution
		Debug|Any CPU = Debug|Any CPU
		Release|Any CPU = Release|Any CPU
	EndGlobalSection
	GlobalSection(ProjectConfigurationPlatforms) = postSolution
		{9E2AC405-7B03-45B8-B996-2BFC3D9B4119}.Debug|Any CPU.ActiveCfg = Debug|Any CPU
		{9E2AC405-7B03-45B8-B996-2BFC3D9B4119}.Debug|Any CPU.Build.0 = Debug|Any CPU
		{9E2AC405-7B03-45B8-B996-2BFC3D9B4119}.Release|Any CPU.ActiveCfg = Release|Any CPU
		{9E2AC405-7B03-45B8-B996-2BFC3D9B4119}.Release|Any CPU.Build.0 = Release|Any CPU
	EndGlobalSection
	GlobalSection(SolutionProperties) = preSolution
		HideSolutionNode = FALSE
	EndGlobalSection
	GlobalSection(ExtensibilityGlobals) = postSolution
		SolutionGuid = {1B9AF055-B961-45ED-99C7-893B67521366}
	EndGlobalSection
EndGlobal
